
Microsoft Visual Studio Solution File, Format Version 12.00
# Visual Studio Version 17
VisualStudioVersion = 17.8.34408.163
MinimumVisualStudioVersion = 10.0.40219.1
Project("{FAE04EC0-301F-11D3-BF4B-00C04F79EFBC}") = "KiemTraThucHanh", "KiemTraThucHanh\KiemTraThucHanh.csproj", "{26A1E20B-1A14-4742-8275-525263D8A74B}"
EndProject
Global
	GlobalSection(SolutionConfigurationPlatforms) = preSolution
		Debug|Any CPU = Debug|Any CPU
		Release|Any CPU = Release|Any CPU
	EndGlobalSection
	GlobalSection(ProjectConfigurationPlatforms) = postSolution
		{26A1E20B-1A14-4742-8275-525263D8A74B}.Debug|Any CPU.ActiveCfg = Debug|Any CPU
		{26A1E20B-1A14-4742-8275-525263D8A74B}.Debug|Any CPU.Build.0 = Debug|Any CPU
		{26A1E20B-1A14-4742-8275-525263D8A74B}.Release|Any CPU.ActiveCfg = Release|Any CPU
		{26A1E20B-1A14-4742-8275-525263D8A74B}.Release|Any CPU.Build.0 = Release|Any CPU
	EndGlobalSection
	GlobalSection(SolutionProperties) = preSolution
		HideSolutionNode = FALSE
	EndGlobalSection
	GlobalSection(ExtensibilityGlobals) = postSolution
		SolutionGuid = {5D6B64EB-064B-4822-B854-E1185A04C884}
	EndGlobalSection
EndGlobal
